// !$*UTF8*$!
{
	archiveVersion = 1;
	classes = {
	};
	objectVersion = 56;
	objects = {

/* Begin PBXBuildFile section */
		331293CF2A25222700F4FDCF /* MealAppApp.swift in Sources */ = {isa = PBXBuildFile; fileRef = 331293CE2A25222700F4FDCF /* MealAppApp.swift */; };
		331293D32A25222800F4FDCF /* Assets.xcassets in Resources */ = {isa = PBXBuildFile; fileRef = 331293D22A25222800F4FDCF /* Assets.xcassets */; };
		331293D62A25222800F4FDCF /* Preview Assets.xcassets in Resources */ = {isa = PBXBuildFile; fileRef = 331293D52A25222800F4FDCF /* Preview Assets.xcassets */; };
		331293E02A25222800F4FDCF /* MealAppTests.swift in Sources */ = {isa = PBXBuildFile; fileRef = 331293DF2A25222800F4FDCF /* MealAppTests.swift */; };
		331293EA2A25222800F4FDCF /* MealAppUITests.swift in Sources */ = {isa = PBXBuildFile; fileRef = 331293E92A25222800F4FDCF /* MealAppUITests.swift */; };
		331293EC2A25222800F4FDCF /* MealAppUITestsLaunchTests.swift in Sources */ = {isa = PBXBuildFile; fileRef = 331293EB2A25222800F4FDCF /* MealAppUITestsLaunchTests.swift */; };
		331293FC2A2522D600F4FDCF /* NetworkService.swift in Sources */ = {isa = PBXBuildFile; fileRef = 331293FB2A2522D600F4FDCF /* NetworkService.swift */; };
		331293FE2A25232B00F4FDCF /* Constants.swift in Sources */ = {isa = PBXBuildFile; fileRef = 331293FD2A25232B00F4FDCF /* Constants.swift */; };
		331294002A25233400F4FDCF /* NetworkError.swift in Sources */ = {isa = PBXBuildFile; fileRef = 331293FF2A25233300F4FDCF /* NetworkError.swift */; };
		331294022A25233D00F4FDCF /* ViewState.swift in Sources */ = {isa = PBXBuildFile; fileRef = 331294012A25233C00F4FDCF /* ViewState.swift */; };
		3312940C2A25250900F4FDCF /* Meals.swift in Sources */ = {isa = PBXBuildFile; fileRef = 3312940B2A25250900F4FDCF /* Meals.swift */; };
		3312940E2A25256800F4FDCF /* SearchMealsView.swift in Sources */ = {isa = PBXBuildFile; fileRef = 3312940D2A25256800F4FDCF /* SearchMealsView.swift */; };
		331294102A2525C900F4FDCF /* ErrorView.swift in Sources */ = {isa = PBXBuildFile; fileRef = 3312940F2A2525C900F4FDCF /* ErrorView.swift */; };
		331294122A25267D00F4FDCF /* SearchViewModel.swift in Sources */ = {isa = PBXBuildFile; fileRef = 331294112A25267D00F4FDCF /* SearchViewModel.swift */; };
		331294142A2533E000F4FDCF /* MealView.swift in Sources */ = {isa = PBXBuildFile; fileRef = 331294132A2533E000F4FDCF /* MealView.swift */; };
		331294162A25393300F4FDCF /* MealDetailsView.swift in Sources */ = {isa = PBXBuildFile; fileRef = 331294152A25393300F4FDCF /* MealDetailsView.swift */; };
		3312941C2A257E8E00F4FDCF /* ImageCache.swift in Sources */ = {isa = PBXBuildFile; fileRef = 3312941B2A257E8E00F4FDCF /* ImageCache.swift */; };
		331294202A25A0E900F4FDCF /* DetailsViewModel.swift in Sources */ = {isa = PBXBuildFile; fileRef = 3312941F2A25A0E900F4FDCF /* DetailsViewModel.swift */; };
/* End PBXBuildFile section */

/* Begin PBXContainerItemProxy section */
		331293DC2A25222800F4FDCF /* PBXContainerItemProxy */ = {
			isa = PBXContainerItemProxy;
			containerPortal = 331293C32A25222700F4FDCF /* Project object */;
			proxyType = 1;
			remoteGlobalIDString = 331293CA2A25222700F4FDCF;
			remoteInfo = MealApp;
		};
		331293E62A25222800F4FDCF /* PBXContainerItemProxy */ = {
			isa = PBXContainerItemProxy;
			containerPortal = 331293C32A25222700F4FDCF /* Project object */;
			proxyType = 1;
			remoteGlobalIDString = 331293CA2A25222700F4FDCF;
			remoteInfo = MealApp;
		};
/* End PBXContainerItemProxy section */

/* Begin PBXFileReference section */
		331293CB2A25222700F4FDCF /* MealApp.app */ = {isa = PBXFileReference; explicitFileType = wrapper.application; includeInIndex = 0; path = MealApp.app; sourceTree = BUILT_PRODUCTS_DIR; };
		331293CE2A25222700F4FDCF /* MealAppApp.swift */ = {isa = PBXFileReference; lastKnownFileType = sourcecode.swift; path = MealAppApp.swift; sourceTree = "<group>"; };
		331293D22A25222800F4FDCF /* Assets.xcassets */ = {isa = PBXFileReference; lastKnownFileType = folder.assetcatalog; path = Assets.xcassets; sourceTree = "<group>"; };
		331293D52A25222800F4FDCF /* Preview Assets.xcassets */ = {isa = PBXFileReference; lastKnownFileType = folder.assetcatalog; path = "Preview Assets.xcassets"; sourceTree = "<group>"; };
		331293DB2A25222800F4FDCF /* MealAppTests.xctest */ = {isa = PBXFileReference; explicitFileType = wrapper.cfbundle; includeInIndex = 0; path = MealAppTests.xctest; sourceTree = BUILT_PRODUCTS_DIR; };
		331293DF2A25222800F4FDCF /* MealAppTests.swift */ = {isa = PBXFileReference; lastKnownFileType = sourcecode.swift; path = MealAppTests.swift; sourceTree = "<group>"; };
		331293E52A25222800F4FDCF /* MealAppUITests.xctest */ = {isa = PBXFileReference; explicitFileType = wrapper.cfbundle; includeInIndex = 0; path = MealAppUITests.xctest; sourceTree = BUILT_PRODUCTS_DIR; };
		331293E92A25222800F4FDCF /* MealAppUITests.swift */ = {isa = PBXFileReference; lastKnownFileType = sourcecode.swift; path = MealAppUITests.swift; sourceTree = "<group>"; };
		331293EB2A25222800F4FDCF /* MealAppUITestsLaunchTests.swift */ = {isa = PBXFileReference; lastKnownFileType = sourcecode.swift; path = MealAppUITestsLaunchTests.swift; sourceTree = "<group>"; };
		331293FB2A2522D600F4FDCF /* NetworkService.swift */ = {isa = PBXFileReference; lastKnownFileType = sourcecode.swift; path = NetworkService.swift; sourceTree = "<group>"; };
		331293FD2A25232B00F4FDCF /* Constants.swift */ = {isa = PBXFileReference; lastKnownFileType = sourcecode.swift; path = Constants.swift; sourceTree = "<group>"; };
		331293FF2A25233300F4FDCF /* NetworkError.swift */ = {isa = PBXFileReference; lastKnownFileType = sourcecode.swift; path = NetworkError.swift; sourceTree = "<group>"; };
		331294012A25233C00F4FDCF /* ViewState.swift */ = {isa = PBXFileReference; lastKnownFileType = sourcecode.swift; path = ViewState.swift; sourceTree = "<group>"; };
		3312940B2A25250900F4FDCF /* Meals.swift */ = {isa = PBXFileReference; lastKnownFileType = sourcecode.swift; path = Meals.swift; sourceTree = "<group>"; };
		3312940D2A25256800F4FDCF /* SearchMealsView.swift */ = {isa = PBXFileReference; lastKnownFileType = sourcecode.swift; path = SearchMealsView.swift; sourceTree = "<group>"; };
		3312940F2A2525C900F4FDCF /* ErrorView.swift */ = {isa = PBXFileReference; lastKnownFileType = sourcecode.swift; path = ErrorView.swift; sourceTree = "<group>"; };
		331294112A25267D00F4FDCF /* SearchViewModel.swift */ = {isa = PBXFileReference; lastKnownFileType = sourcecode.swift; path = SearchViewModel.swift; sourceTree = "<group>"; };
		331294132A2533E000F4FDCF /* MealView.swift */ = {isa = PBXFileReference; lastKnownFileType = sourcecode.swift; path = MealView.swift; sourceTree = "<group>"; };
		331294152A25393300F4FDCF /* MealDetailsView.swift */ = {isa = PBXFileReference; lastKnownFileType = sourcecode.swift; path = MealDetailsView.swift; sourceTree = "<group>"; };
		3312941B2A257E8E00F4FDCF /* ImageCache.swift */ = {isa = PBXFileReference; lastKnownFileType = sourcecode.swift; path = ImageCache.swift; sourceTree = "<group>"; };
		3312941F2A25A0E900F4FDCF /* DetailsViewModel.swift */ = {isa = PBXFileReference; lastKnownFileType = sourcecode.swift; path = DetailsViewModel.swift; sourceTree = "<group>"; };
		331294232A26436500F4FDCF /* Info.plist */ = {isa = PBXFileReference; lastKnownFileType = text.plist.xml; path = Info.plist; sourceTree = "<group>"; };
/* End PBXFileReference section */

/* Begin PBXFrameworksBuildPhase section */
		331293C82A25222700F4FDCF /* Frameworks */ = {
			isa = PBXFrameworksBuildPhase;
			buildActionMask = 2147483647;
			files = (
			);
			runOnlyForDeploymentPostprocessing = 0;
		};
		331293D82A25222800F4FDCF /* Frameworks */ = {
			isa = PBXFrameworksBuildPhase;
			buildActionMask = 2147483647;
			files = (
			);
			runOnlyForDeploymentPostprocessing = 0;
		};
		331293E22A25222800F4FDCF /* Frameworks */ = {
			isa = PBXFrameworksBuildPhase;
			buildActionMask = 2147483647;
			files = (
			);
			runOnlyForDeploymentPostprocessing = 0;
		};
/* End PBXFrameworksBuildPhase section */

/* Begin PBXGroup section */
		331293C22A25222700F4FDCF = {
			isa = PBXGroup;
			children = (
				331293CD2A25222700F4FDCF /* MealApp */,
				331293DE2A25222800F4FDCF /* MealAppTests */,
				331293E82A25222800F4FDCF /* MealAppUITests */,
				331293CC2A25222700F4FDCF /* Products */,
			);
			sourceTree = "<group>";
		};
		331293CC2A25222700F4FDCF /* Products */ = {
			isa = PBXGroup;
			children = (
				331293CB2A25222700F4FDCF /* MealApp.app */,
				331293DB2A25222800F4FDCF /* MealAppTests.xctest */,
				331293E52A25222800F4FDCF /* MealAppUITests.xctest */,
			);
			name = Products;
			sourceTree = "<group>";
		};
		331293CD2A25222700F4FDCF /* MealApp */ = {
			isa = PBXGroup;
			children = (
				331293FA2A25228600F4FDCF /* Utilities */,
				331293F92A25227A00F4FDCF /* Screens */,
				331293F82A25227200F4FDCF /* Service */,
				331293CE2A25222700F4FDCF /* MealAppApp.swift */,
				331293D22A25222800F4FDCF /* Assets.xcassets */,
				331293D42A25222800F4FDCF /* Preview Content */,
				331294232A26436500F4FDCF /* Info.plist */,
			);
			path = MealApp;
			sourceTree = "<group>";
		};
		331293D42A25222800F4FDCF /* Preview Content */ = {
			isa = PBXGroup;
			children = (
				331293D52A25222800F4FDCF /* Preview Assets.xcassets */,
			);
			path = "Preview Content";
			sourceTree = "<group>";
		};
		331293DE2A25222800F4FDCF /* MealAppTests */ = {
			isa = PBXGroup;
			children = (
				331293DF2A25222800F4FDCF /* MealAppTests.swift */,
			);
			path = MealAppTests;
			sourceTree = "<group>";
		};
		331293E82A25222800F4FDCF /* MealAppUITests */ = {
			isa = PBXGroup;
			children = (
				331293E92A25222800F4FDCF /* MealAppUITests.swift */,
				331293EB2A25222800F4FDCF /* MealAppUITestsLaunchTests.swift */,
			);
			path = MealAppUITests;
			sourceTree = "<group>";
		};
		331293F82A25227200F4FDCF /* Service */ = {
			isa = PBXGroup;
			children = (
				331293FB2A2522D600F4FDCF /* NetworkService.swift */,
			);
			path = Service;
			sourceTree = "<group>";
		};
		331293F92A25227A00F4FDCF /* Screens */ = {
			isa = PBXGroup;
			children = (
				331294032A2523A100F4FDCF /* SearchMeal */,
				331294042A2523A600F4FDCF /* MealDetails */,
			);
			path = Screens;
			sourceTree = "<group>";
		};
		331293FA2A25228600F4FDCF /* Utilities */ = {
			isa = PBXGroup;
			children = (
				331293FD2A25232B00F4FDCF /* Constants.swift */,
				331293FF2A25233300F4FDCF /* NetworkError.swift */,
				331294012A25233C00F4FDCF /* ViewState.swift */,
			);
			path = Utilities;
			sourceTree = "<group>";
		};
		331294032A2523A100F4FDCF /* SearchMeal */ = {
			isa = PBXGroup;
			children = (
				331294052A2523C900F4FDCF /* Model */,
				331294062A2523CF00F4FDCF /* View */,
				331294072A2523D500F4FDCF /* ViewModel */,
			);
			path = SearchMeal;
			sourceTree = "<group>";
		};
		331294042A2523A600F4FDCF /* MealDetails */ = {
			isa = PBXGroup;
			children = (
				331294082A2523F400F4FDCF /* Model */,
				331294092A2523F900F4FDCF /* View */,
				3312940A2A2523FD00F4FDCF /* ViewModel */,
			);
			path = MealDetails;
			sourceTree = "<group>";
		};
		331294052A2523C900F4FDCF /* Model */ = {
			isa = PBXGroup;
			children = (
				3312940B2A25250900F4FDCF /* Meals.swift */,
			);
			path = Model;
			sourceTree = "<group>";
		};
		331294062A2523CF00F4FDCF /* View */ = {
			isa = PBXGroup;
			children = (
				3312940D2A25256800F4FDCF /* SearchMealsView.swift */,
				3312940F2A2525C900F4FDCF /* ErrorView.swift */,
				331294132A2533E000F4FDCF /* MealView.swift */,
				3312941B2A257E8E00F4FDCF /* ImageCache.swift */,
			);
			path = View;
			sourceTree = "<group>";
		};
		331294072A2523D500F4FDCF /* ViewModel */ = {
			isa = PBXGroup;
			children = (
				331294112A25267D00F4FDCF /* SearchViewModel.swift */,
			);
			path = ViewModel;
			sourceTree = "<group>";
		};
		331294082A2523F400F4FDCF /* Model */ = {
			isa = PBXGroup;
			children = (
			);
			path = Model;
			sourceTree = "<group>";
		};
		331294092A2523F900F4FDCF /* View */ = {
			isa = PBXGroup;
			children = (
				331294152A25393300F4FDCF /* MealDetailsView.swift */,
			);
			path = View;
			sourceTree = "<group>";
		};
		3312940A2A2523FD00F4FDCF /* ViewModel */ = {
			isa = PBXGroup;
			children = (
				3312941F2A25A0E900F4FDCF /* DetailsViewModel.swift */,
			);
			path = ViewModel;
			sourceTree = "<group>";
		};
/* End PBXGroup section */

/* Begin PBXNativeTarget section */
		331293CA2A25222700F4FDCF /* MealApp */ = {
			isa = PBXNativeTarget;
			buildConfigurationList = 331293EF2A25222800F4FDCF /* Build configuration list for PBXNativeTarget "MealApp" */;
			buildPhases = (
				331293C72A25222700F4FDCF /* Sources */,
				331293C82A25222700F4FDCF /* Frameworks */,
				331293C92A25222700F4FDCF /* Resources */,
			);
			buildRules = (
			);
			dependencies = (
			);
			name = MealApp;
			productName = MealApp;
			productReference = 331293CB2A25222700F4FDCF /* MealApp.app */;
			productType = "com.apple.product-type.application";
		};
		331293DA2A25222800F4FDCF /* MealAppTests */ = {
			isa = PBXNativeTarget;
			buildConfigurationList = 331293F22A25222800F4FDCF /* Build configuration list for PBXNativeTarget "MealAppTests" */;
			buildPhases = (
				331293D72A25222800F4FDCF /* Sources */,
				331293D82A25222800F4FDCF /* Frameworks */,
				331293D92A25222800F4FDCF /* Resources */,
			);
			buildRules = (
			);
			dependencies = (
				331293DD2A25222800F4FDCF /* PBXTargetDependency */,
			);
			name = MealAppTests;
			productName = MealAppTests;
			productReference = 331293DB2A25222800F4FDCF /* MealAppTests.xctest */;
			productType = "com.apple.product-type.bundle.unit-test";
		};
		331293E42A25222800F4FDCF /* MealAppUITests */ = {
			isa = PBXNativeTarget;
			buildConfigurationList = 331293F52A25222800F4FDCF /* Build configuration list for PBXNativeTarget "MealAppUITests" */;
			buildPhases = (
				331293E12A25222800F4FDCF /* Sources */,
				331293E22A25222800F4FDCF /* Frameworks */,
				331293E32A25222800F4FDCF /* Resources */,
			);
			buildRules = (
			);
			dependencies = (
				331293E72A25222800F4FDCF /* PBXTargetDependency */,
			);
			name = MealAppUITests;
			productName = MealAppUITests;
			productReference = 331293E52A25222800F4FDCF /* MealAppUITests.xctest */;
			productType = "com.apple.product-type.bundle.ui-testing";
		};
/* End PBXNativeTarget section */

/* Begin PBXProject section */
		331293C32A25222700F4FDCF /* Project object */ = {
			isa = PBXProject;
			attributes = {
				BuildIndependentTargetsInParallel = 1;
				LastSwiftUpdateCheck = 1430;
				LastUpgradeCheck = 1430;
				TargetAttributes = {
					331293CA2A25222700F4FDCF = {
						CreatedOnToolsVersion = 14.3;
					};
					331293DA2A25222800F4FDCF = {
						CreatedOnToolsVersion = 14.3;
						TestTargetID = 331293CA2A25222700F4FDCF;
					};
					331293E42A25222800F4FDCF = {
						CreatedOnToolsVersion = 14.3;
						TestTargetID = 331293CA2A25222700F4FDCF;
					};
				};
			};
			buildConfigurationList = 331293C62A25222700F4FDCF /* Build configuration list for PBXProject "MealApp" */;
			compatibilityVersion = "Xcode 14.0";
			developmentRegion = en;
			hasScannedForEncodings = 0;
			knownRegions = (
				en,
				Base,
			);
			mainGroup = 331293C22A25222700F4FDCF;
			productRefGroup = 331293CC2A25222700F4FDCF /* Products */;
			projectDirPath = "";
			projectRoot = "";
			targets = (
				331293CA2A25222700F4FDCF /* MealApp */,
				331293DA2A25222800F4FDCF /* MealAppTests */,
				331293E42A25222800F4FDCF /* MealAppUITests */,
			);
		};
/* End PBXProject section */

/* Begin PBXResourcesBuildPhase section */
		331293C92A25222700F4FDCF /* Resources */ = {
			isa = PBXResourcesBuildPhase;
			buildActionMask = 2147483647;
			files = (
				331293D62A25222800F4FDCF /* Preview Assets.xcassets in Resources */,
				331293D32A25222800F4FDCF /* Assets.xcassets in Resources */,
			);
			runOnlyForDeploymentPostprocessing = 0;
		};
		331293D92A25222800F4FDCF /* Resources */ = {
			isa = PBXResourcesBuildPhase;
			buildActionMask = 2147483647;
			files = (
			);
			runOnlyForDeploymentPostprocessing = 0;
		};
		331293E32A25222800F4FDCF /* Resources */ = {
			isa = PBXResourcesBuildPhase;
			buildActionMask = 2147483647;
			files = (
			);
			runOnlyForDeploymentPostprocessing = 0;
		};
/* End PBXResourcesBuildPhase section */

/* Begin PBXSourcesBuildPhase section */
		331293C72A25222700F4FDCF /* Sources */ = {
			isa = PBXSourcesBuildPhase;
			buildActionMask = 2147483647;
			files = (
				3312941C2A257E8E00F4FDCF /* ImageCache.swift in Sources */,
				331293FC2A2522D600F4FDCF /* NetworkService.swift in Sources */,
				3312940C2A25250900F4FDCF /* Meals.swift in Sources */,
				3312940E2A25256800F4FDCF /* SearchMealsView.swift in Sources */,
				331294022A25233D00F4FDCF /* ViewState.swift in Sources */,
				331294162A25393300F4FDCF /* MealDetailsView.swift in Sources */,
				331293CF2A25222700F4FDCF /* MealAppApp.swift in Sources */,
				331294122A25267D00F4FDCF /* SearchViewModel.swift in Sources */,
				331294142A2533E000F4FDCF /* MealView.swift in Sources */,
				331293FE2A25232B00F4FDCF /* Constants.swift in Sources */,
				331294202A25A0E900F4FDCF /* DetailsViewModel.swift in Sources */,
				331294102A2525C900F4FDCF /* ErrorView.swift in Sources */,
				331294002A25233400F4FDCF /* NetworkError.swift in Sources */,
			);
			runOnlyForDeploymentPostprocessing = 0;
		};
		331293D72A25222800F4FDCF /* Sources */ = {
			isa = PBXSourcesBuildPhase;
			buildActionMask = 2147483647;
			files = (
				331293E02A25222800F4FDCF /* MealAppTests.swift in Sources */,
			);
			runOnlyForDeploymentPostprocessing = 0;
		};
		331293E12A25222800F4FDCF /* Sources */ = {
			isa = PBXSourcesBuildPhase;
			buildActionMask = 2147483647;
			files = (
				331293EA2A25222800F4FDCF /* MealAppUITests.swift in Sources */,
				331293EC2A25222800F4FDCF /* MealAppUITestsLaunchTests.swift in Sources */,
			);
			runOnlyForDeploymentPostprocessing = 0;
		};
/* End PBXSourcesBuildPhase section */

/* Begin PBXTargetDependency section */
		331293DD2A25222800F4FDCF /* PBXTargetDependency */ = {
			isa = PBXTargetDependency;
			target = 331293CA2A25222700F4FDCF /* MealApp */;
			targetProxy = 331293DC2A25222800F4FDCF /* PBXContainerItemProxy */;
		};
		331293E72A25222800F4FDCF /* PBXTargetDependency */ = {
			isa = PBXTargetDependency;
			target = 331293CA2A25222700F4FDCF /* MealApp */;
			targetProxy = 331293E62A25222800F4FDCF /* PBXContainerItemProxy */;
		};
/* End PBXTargetDependency section */

/* Begin XCBuildConfiguration section */
		331293ED2A25222800F4FDCF /* Debug */ = {
			isa = XCBuildConfiguration;
			buildSettings = {
				ALWAYS_SEARCH_USER_PATHS = NO;
				CLANG_ANALYZER_NONNULL = YES;
				CLANG_ANALYZER_NUMBER_OBJECT_CONVERSION = YES_AGGRESSIVE;
				CLANG_CXX_LANGUAGE_STANDARD = "gnu++20";
				CLANG_ENABLE_MODULES = YES;
				CLANG_ENABLE_OBJC_ARC = YES;
				CLANG_ENABLE_OBJC_WEAK = YES;
				CLANG_WARN_BLOCK_CAPTURE_AUTORELEASING = YES;
				CLANG_WARN_BOOL_CONVERSION = YES;
				CLANG_WARN_COMMA = YES;
				CLANG_WARN_CONSTANT_CONVERSION = YES;
				CLANG_WARN_DEPRECATED_OBJC_IMPLEMENTATIONS = YES;
				CLANG_WARN_DIRECT_OBJC_ISA_USAGE = YES_ERROR;
				CLANG_WARN_DOCUMENTATION_COMMENTS = YES;
				CLANG_WARN_EMPTY_BODY = YES;
				CLANG_WARN_ENUM_CONVERSION = YES;
				CLANG_WARN_INFINITE_RECURSION = YES;
				CLANG_WARN_INT_CONVERSION = YES;
				CLANG_WARN_NON_LITERAL_NULL_CONVERSION = YES;
				CLANG_WARN_OBJC_IMPLICIT_RETAIN_SELF = YES;
				CLANG_WARN_OBJC_LITERAL_CONVERSION = YES;
				CLANG_WARN_OBJC_ROOT_CLASS = YES_ERROR;
				CLANG_WARN_QUOTED_INCLUDE_IN_FRAMEWORK_HEADER = YES;
				CLANG_WARN_RANGE_LOOP_ANALYSIS = YES;
				CLANG_WARN_STRICT_PROTOTYPES = YES;
				CLANG_WARN_SUSPICIOUS_MOVE = YES;
				CLANG_WARN_UNGUARDED_AVAILABILITY = YES_AGGRESSIVE;
				CLANG_WARN_UNREACHABLE_CODE = YES;
				CLANG_WARN__DUPLICATE_METHOD_MATCH = YES;
				COPY_PHASE_STRIP = NO;
				DEBUG_INFORMATION_FORMAT = dwarf;
				ENABLE_STRICT_OBJC_MSGSEND = YES;
				ENABLE_TESTABILITY = YES;
				GCC_C_LANGUAGE_STANDARD = gnu11;
				GCC_DYNAMIC_NO_PIC = NO;
				GCC_NO_COMMON_BLOCKS = YES;
				GCC_OPTIMIZATION_LEVEL = 0;
				GCC_PREPROCESSOR_DEFINITIONS = (
					"DEBUG=1",
					"$(inherited)",
				);
				GCC_WARN_64_TO_32_BIT_CONVERSION = YES;
				GCC_WARN_ABOUT_RETURN_TYPE = YES_ERROR;
				GCC_WARN_UNDECLARED_SELECTOR = YES;
				GCC_WARN_UNINITIALIZED_AUTOS = YES_AGGRESSIVE;
				GCC_WARN_UNUSED_FUNCTION = YES;
				GCC_WARN_UNUSED_VARIABLE = YES;
				IPHONEOS_DEPLOYMENT_TARGET = 16.4;
				MTL_ENABLE_DEBUG_INFO = INCLUDE_SOURCE;
				MTL_FAST_MATH = YES;
				ONLY_ACTIVE_ARCH = YES;
				SDKROOT = iphoneos;
				SWIFT_ACTIVE_COMPILATION_CONDITIONS = DEBUG;
				SWIFT_OPTIMIZATION_LEVEL = "-Onone";
			};
			name = Debug;
		};
		331293EE2A25222800F4FDCF /* Release */ = {
			isa = XCBuildConfiguration;
			buildSettings = {
				ALWAYS_SEARCH_USER_PATHS = NO;
				CLANG_ANALYZER_NONNULL = YES;
				CLANG_ANALYZER_NUMBER_OBJECT_CONVERSION = YES_AGGRESSIVE;
				CLANG_CXX_LANGUAGE_STANDARD = "gnu++20";
				CLANG_ENABLE_MODULES = YES;
				CLANG_ENABLE_OBJC_ARC = YES;
				CLANG_ENABLE_OBJC_WEAK = YES;
				CLANG_WARN_BLOCK_CAPTURE_AUTORELEASING = YES;
				CLANG_WARN_BOOL_CONVERSION = YES;
				CLANG_WARN_COMMA = YES;
				CLANG_WARN_CONSTANT_CONVERSION = YES;
				CLANG_WARN_DEPRECATED_OBJC_IMPLEMENTATIONS = YES;
				CLANG_WARN_DIRECT_OBJC_ISA_USAGE = YES_ERROR;
				CLANG_WARN_DOCUMENTATION_COMMENTS = YES;
				CLANG_WARN_EMPTY_BODY = YES;
				CLANG_WARN_ENUM_CONVERSION = YES;
				CLANG_WARN_INFINITE_RECURSION = YES;
				CLANG_WARN_INT_CONVERSION = YES;
				CLANG_WARN_NON_LITERAL_NULL_CONVERSION = YES;
				CLANG_WARN_OBJC_IMPLICIT_RETAIN_SELF = YES;
				CLANG_WARN_OBJC_LITERAL_CONVERSION = YES;
				CLANG_WARN_OBJC_ROOT_CLASS = YES_ERROR;
				CLANG_WARN_QUOTED_INCLUDE_IN_FRAMEWORK_HEADER = YES;
				CLANG_WARN_RANGE_LOOP_ANALYSIS = YES;
				CLANG_WARN_STRICT_PROTOTYPES = YES;
				CLANG_WARN_SUSPICIOUS_MOVE = YES;
				CLANG_WARN_UNGUARDED_AVAILABILITY = YES_AGGRESSIVE;
				CLANG_WARN_UNREACHABLE_CODE = YES;
				CLANG_WARN__DUPLICATE_METHOD_MATCH = YES;
				COPY_PHASE_STRIP = NO;
				DEBUG_INFORMATION_FORMAT = "dwarf-with-dsym";
				ENABLE_NS_ASSERTIONS = NO;
				ENABLE_STRICT_OBJC_MSGSEND = YES;
				GCC_C_LANGUAGE_STANDARD = gnu11;
				GCC_NO_COMMON_BLOCKS = YES;
				GCC_WARN_64_TO_32_BIT_CONVERSION = YES;
				GCC_WARN_ABOUT_RETURN_TYPE = YES_ERROR;
				GCC_WARN_UNDECLARED_SELECTOR = YES;
				GCC_WARN_UNINITIALIZED_AUTOS = YES_AGGRESSIVE;
				GCC_WARN_UNUSED_FUNCTION = YES;
				GCC_WARN_UNUSED_VARIABLE = YES;
				IPHONEOS_DEPLOYMENT_TARGET = 16.4;
				MTL_ENABLE_DEBUG_INFO = NO;
				MTL_FAST_MATH = YES;
				SDKROOT = iphoneos;
				SWIFT_COMPILATION_MODE = wholemodule;
				SWIFT_OPTIMIZATION_LEVEL = "-O";
				VALIDATE_PRODUCT = YES;
			};
			name = Release;
		};
		331293F02A25222800F4FDCF /* Debug */ = {
			isa = XCBuildConfiguration;
			buildSettings = {
				ASSETCATALOG_COMPILER_APPICON_NAME = AppIcon;
				ASSETCATALOG_COMPILER_GLOBAL_ACCENT_COLOR_NAME = AccentColor;
				CODE_SIGN_STYLE = Automatic;
				CURRENT_PROJECT_VERSION = 1;
				DEVELOPMENT_ASSET_PATHS = "\"MealApp/Preview Content\"";
				DEVELOPMENT_TEAM = 6KR5Z3QHHD;
				ENABLE_PREVIEWS = YES;
				GENERATE_INFOPLIST_FILE = YES;
				INFOPLIST_FILE = MealApp/Info.plist;
				INFOPLIST_KEY_LSApplicationCategoryType = "public.app-category.food-and-drink";
				INFOPLIST_KEY_UIApplicationSceneManifest_Generation = YES;
				INFOPLIST_KEY_UIApplicationSupportsIndirectInputEvents = YES;
				INFOPLIST_KEY_UILaunchScreen_Generation = YES;
				INFOPLIST_KEY_UIStatusBarStyle = "";
				INFOPLIST_KEY_UISupportedInterfaceOrientations = "UIInterfaceOrientationLandscapeLeft UIInterfaceOrientationLandscapeRight UIInterfaceOrientationPortrait UIInterfaceOrientationPortraitUpsideDown";
				LD_RUNPATH_SEARCH_PATHS = (
					"$(inherited)",
					"@executable_path/Frameworks",
				);
				MARKETING_VERSION = 1.0;
				PRODUCT_BUNDLE_IDENTIFIER = com.ks.MealApp;
				PRODUCT_NAME = "$(TARGET_NAME)";
				SWIFT_EMIT_LOC_STRINGS = YES;
				SWIFT_VERSION = 5.0;
				TARGETED_DEVICE_FAMILY = "1,2";
			};
			name = Debug;
		};
		331293F12A25222800F4FDCF /* Release */ = {
			isa = XCBuildConfiguration;
			buildSettings = {
				ASSETCATALOG_COMPILER_APPICON_NAME = AppIcon;
				ASSETCATALOG_COMPILER_GLOBAL_ACCENT_COLOR_NAME = AccentColor;
				CODE_SIGN_STYLE = Automatic;
				CURRENT_PROJECT_VERSION = 1;
				DEVELOPMENT_ASSET_PATHS = "\"MealApp/Preview Content\"";
				DEVELOPMENT_TEAM = 6KR5Z3QHHD;
				ENABLE_PREVIEWS = YES;
				GENERATE_INFOPLIST_FILE = YES;
				INFOPLIST_FILE = MealApp/Info.plist;
				INFOPLIST_KEY_LSApplicationCategoryType = "public.app-category.food-and-drink";
				INFOPLIST_KEY_UIApplicationSceneManifest_Generation = YES;
				INFOPLIST_KEY_UIApplicationSupportsIndirectInputEvents = YES;
				INFOPLIST_KEY_UILaunchScreen_Generation = YES;
				INFOPLIST_KEY_UIStatusBarStyle = "";
				INFOPLIST_KEY_UISupportedInterfaceOrientations = "UIInterfaceOrientationLandscapeLeft UIInterfaceOrientationLandscapeRight UIInterfaceOrientationPortrait UIInterfaceOrientationPortraitUpsideDown";
				LD_RUNPATH_SEARCH_PATHS = (
					"$(inherited)",
					"@executable_path/Frameworks",
				);
				MARKETING_VERSION = 1.0;
				PRODUCT_BUNDLE_IDENTIFIER = com.ks.MealApp;
				PRODUCT_NAME = "$(TARGET_NAME)";
				SWIFT_EMIT_LOC_STRINGS = YES;
				SWIFT_VERSION = 5.0;
				TARGETED_DEVICE_FAMILY = "1,2";
			};
			name = Release;
		};
		331293F32A25222800F4FDCF /* Debug */ = {
			isa = XCBuildConfiguration;
			buildSettings = {
				ALWAYS_EMBED_SWIFT_STANDARD_LIBRARIES = YES;
				BUNDLE_LOADER = "$(TEST_HOST)";
				CODE_SIGN_STYLE = Automatic;
				CURRENT_PROJECT_VERSION = 1;
				DEVELOPMENT_TEAM = 6KR5Z3QHHD;
				GENERATE_INFOPLIST_FILE = YES;
				IPHONEOS_DEPLOYMENT_TARGET = 16.4;
				MARKETING_VERSION = 1.0;
				PRODUCT_BUNDLE_IDENTIFIER = com.ks.MealAppTests;
				PRODUCT_NAME = "$(TARGET_NAME)";
				SWIFT_EMIT_LOC_STRINGS = NO;
				SWIFT_VERSION = 5.0;
				TARGETED_DEVICE_FAMILY = "1,2";
				TEST_HOST = "$(BUILT_PRODUCTS_DIR)/MealApp.app/$(BUNDLE_EXECUTABLE_FOLDER_PATH)/MealApp";
			};
			name = Debug;
		};
		331293F42A25222800F4FDCF /* Release */ = {
			isa = XCBuildConfiguration;
			buildSettings = {
				ALWAYS_EMBED_SWIFT_STANDARD_LIBRARIES = YES;
				BUNDLE_LOADER = "$(TEST_HOST)";
				CODE_SIGN_STYLE = Automatic;
				CURRENT_PROJECT_VERSION = 1;
				DEVELOPMENT_TEAM = 6KR5Z3QHHD;
				GENERATE_INFOPLIST_FILE = YES;
				IPHONEOS_DEPLOYMENT_TARGET = 16.4;
				MARKETING_VERSION = 1.0;
				PRODUCT_BUNDLE_IDENTIFIER = com.ks.MealAppTests;
				PRODUCT_NAME = "$(TARGET_NAME)";
				SWIFT_EMIT_LOC_STRINGS = NO;
				SWIFT_VERSION = 5.0;
				TARGETED_DEVICE_FAMILY = "1,2";
				TEST_HOST = "$(BUILT_PRODUCTS_DIR)/MealApp.app/$(BUNDLE_EXECUTABLE_FOLDER_PATH)/MealApp";
			};
			name = Release;
		};
		331293F62A25222800F4FDCF /* Debug */ = {
			isa = XCBuildConfiguration;
			buildSettings = {
				ALWAYS_EMBED_SWIFT_STANDARD_LIBRARIES = YES;
				CODE_SIGN_STYLE = Automatic;
				CURRENT_PROJECT_VERSION = 1;
				DEVELOPMENT_TEAM = 6KR5Z3QHHD;
				GENERATE_INFOPLIST_FILE = YES;
				MARKETING_VERSION = 1.0;
				PRODUCT_BUNDLE_IDENTIFIER = com.ks.MealAppUITests;
				PRODUCT_NAME = "$(TARGET_NAME)";
				SWIFT_EMIT_LOC_STRINGS = NO;
				SWIFT_VERSION = 5.0;
				TARGETED_DEVICE_FAMILY = "1,2";
				TEST_TARGET_NAME = MealApp;
			};
			name = Debug;
		};
		331293F72A25222800F4FDCF /* Release */ = {
			isa = XCBuildConfiguration;
			buildSettings = {
				ALWAYS_EMBED_SWIFT_STANDARD_LIBRARIES = YES;
				CODE_SIGN_STYLE = Automatic;
				CURRENT_PROJECT_VERSION = 1;
				DEVELOPMENT_TEAM = 6KR5Z3QHHD;
				GENERATE_INFOPLIST_FILE = YES;
				MARKETING_VERSION = 1.0;
				PRODUCT_BUNDLE_IDENTIFIER = com.ks.MealAppUITests;
				PRODUCT_NAME = "$(TARGET_NAME)";
				SWIFT_EMIT_LOC_STRINGS = NO;
				SWIFT_VERSION = 5.0;
				TARGETED_DEVICE_FAMILY = "1,2";
				TEST_TARGET_NAME = MealApp;
			};
			name = Release;
		};
/* End XCBuildConfiguration section */

/* Begin XCConfigurationList section */
		331293C62A25222700F4FDCF /* Build configuration list for PBXProject "MealApp" */ = {
			isa = XCConfigurationList;
			buildConfigurations = (
				331293ED2A25222800F4FDCF /* Debug */,
				331293EE2A25222800F4FDCF /* Release */,
			);
			defaultConfigurationIsVisible = 0;
			defaultConfigurationName = Release;
		};
		331293EF2A25222800F4FDCF /* Build configuration list for PBXNativeTarget "MealApp" */ = {
			isa = XCConfigurationList;
			buildConfigurations = (
				331293F02A25222800F4FDCF /* Debug */,
				331293F12A25222800F4FDCF /* Release */,
			);
			defaultConfigurationIsVisible = 0;
			defaultConfigurationName = Release;
		};
		331293F22A25222800F4FDCF /* Build configuration list for PBXNativeTarget "MealAppTests" */ = {
			isa = XCConfigurationList;
			buildConfigurations = (
				331293F32A25222800F4FDCF /* Debug */,
				331293F42A25222800F4FDCF /* Release */,
			);
			defaultConfigurationIsVisible = 0;
			defaultConfigurationName = Release;
		};
		331293F52A25222800F4FDCF /* Build configuration list for PBXNativeTarget "MealAppUITests" */ = {
			isa = XCConfigurationList;
			buildConfigurations = (
				331293F62A25222800F4FDCF /* Debug */,
				331293F72A25222800F4FDCF /* Release */,
			);
			defaultConfigurationIsVisible = 0;
			defaultConfigurationName = Release;
		};
/* End XCConfigurationList section */
	};
	rootObject = 331293C32A25222700F4FDCF /* Project object */;
}
